// !$*UTF8*$!
{
	archiveVersion = 1;
	classes = {
	};
	objectVersion = 50;
	objects = {

/* Begin PBXBuildFile section */
		EF2FF3B5222BC6890094FB16 /* NotificationCenter.framework in Frameworks */ = {isa = PBXBuildFile; fileRef = EF2FF39F222BC0850094FB16 /* NotificationCenter.framework */; };
		EF2FF3B9222BC6890094FB16 /* TodayViewController.m in Sources */ = {isa = PBXBuildFile; fileRef = EF2FF3B8222BC6890094FB16 /* TodayViewController.m */; };
		EF2FF3C0222BC6890094FB16 /* TodayTools.appex in Embed App Extensions */ = {isa = PBXBuildFile; fileRef = EF2FF3B4222BC6890094FB16 /* TodayTools.appex */; settings = {ATTRIBUTES = (RemoveHeadersOnCopy, ); }; };
		EF3316B12222F0B100BB3831 /* ShowViewController.m in Sources */ = {isa = PBXBuildFile; fileRef = EF3316B02222F0B100BB3831 /* ShowViewController.m */; };
		EF337414222CA166008F207A /* ImageSource.xcassets in Resources */ = {isa = PBXBuildFile; fileRef = EFBAA9FD221EF93E0065D058 /* ImageSource.xcassets */; };
		EFBAA9E5221EF6D20065D058 /* AppDelegate.m in Sources */ = {isa = PBXBuildFile; fileRef = EFBAA9E4221EF6D20065D058 /* AppDelegate.m */; };
		EFBAA9E8221EF6D20065D058 /* ViewController.m in Sources */ = {isa = PBXBuildFile; fileRef = EFBAA9E7221EF6D20065D058 /* ViewController.m */; };
		EFBAA9EB221EF6D20065D058 /* Main.storyboard in Resources */ = {isa = PBXBuildFile; fileRef = EFBAA9E9221EF6D20065D058 /* Main.storyboard */; };
		EFBAA9ED221EF6D30065D058 /* Assets.xcassets in Resources */ = {isa = PBXBuildFile; fileRef = EFBAA9EC221EF6D30065D058 /* Assets.xcassets */; };
		EFBAA9F0221EF6D30065D058 /* LaunchScreen.storyboard in Resources */ = {isa = PBXBuildFile; fileRef = EFBAA9EE221EF6D30065D058 /* LaunchScreen.storyboard */; };
		EFBAA9F3221EF6D30065D058 /* main.m in Sources */ = {isa = PBXBuildFile; fileRef = EFBAA9F2221EF6D30065D058 /* main.m */; };
		EFBAA9FE221EF93E0065D058 /* ImageSource.xcassets in Resources */ = {isa = PBXBuildFile; fileRef = EFBAA9FD221EF93E0065D058 /* ImageSource.xcassets */; };
/* End PBXBuildFile section */

/* Begin PBXContainerItemProxy section */
		EF2FF3BE222BC6890094FB16 /* PBXContainerItemProxy */ = {
			isa = PBXContainerItemProxy;
			containerPortal = EFBAA9D8221EF6D20065D058 /* Project object */;
			proxyType = 1;
			remoteGlobalIDString = EF2FF3B3222BC6890094FB16;
			remoteInfo = TodayTools;
		};
/* End PBXContainerItemProxy section */

/* Begin PBXCopyFilesBuildPhase section */
		EF2FF3AF222BC0850094FB16 /* Embed App Extensions */ = {
			isa = PBXCopyFilesBuildPhase;
			buildActionMask = 2147483647;
			dstPath = "";
			dstSubfolderSpec = 13;
			files = (
				EF2FF3C0222BC6890094FB16 /* TodayTools.appex in Embed App Extensions */,
			);
			name = "Embed App Extensions";
			runOnlyForDeploymentPostprocessing = 0;
		};
/* End PBXCopyFilesBuildPhase section */

/* Begin PBXFileReference section */
		EF2FF39F222BC0850094FB16 /* NotificationCenter.framework */ = {isa = PBXFileReference; lastKnownFileType = wrapper.framework; name = NotificationCenter.framework; path = System/Library/Frameworks/NotificationCenter.framework; sourceTree = SDKROOT; };
		EF2FF3B4222BC6890094FB16 /* TodayTools.appex */ = {isa = PBXFileReference; explicitFileType = "wrapper.app-extension"; includeInIndex = 0; path = TodayTools.appex; sourceTree = BUILT_PRODUCTS_DIR; };
		EF2FF3B7222BC6890094FB16 /* TodayViewController.h */ = {isa = PBXFileReference; lastKnownFileType = sourcecode.c.h; path = TodayViewController.h; sourceTree = "<group>"; };
		EF2FF3B8222BC6890094FB16 /* TodayViewController.m */ = {isa = PBXFileReference; lastKnownFileType = sourcecode.c.objc; path = TodayViewController.m; sourceTree = "<group>"; };
		EF2FF3BD222BC6890094FB16 /* Info.plist */ = {isa = PBXFileReference; lastKnownFileType = text.plist.xml; path = Info.plist; sourceTree = "<group>"; };
		EF2FF3C5222BF2C00094FB16 /* Test3DTouchDemo.entitlements */ = {isa = PBXFileReference; lastKnownFileType = text.plist.entitlements; path = Test3DTouchDemo.entitlements; sourceTree = "<group>"; };
		EF2FF3C6222BFC0E0094FB16 /* TodayTools.entitlements */ = {isa = PBXFileReference; lastKnownFileType = text.plist.entitlements; path = TodayTools.entitlements; sourceTree = "<group>"; };
		EF3316AF2222F0B100BB3831 /* ShowViewController.h */ = {isa = PBXFileReference; lastKnownFileType = sourcecode.c.h; path = ShowViewController.h; sourceTree = "<group>"; };
		EF3316B02222F0B100BB3831 /* ShowViewController.m */ = {isa = PBXFileReference; lastKnownFileType = sourcecode.c.objc; path = ShowViewController.m; sourceTree = "<group>"; };
		EFBAA9E0221EF6D20065D058 /* Test3DTouchDemo.app */ = {isa = PBXFileReference; explicitFileType = wrapper.application; includeInIndex = 0; path = Test3DTouchDemo.app; sourceTree = BUILT_PRODUCTS_DIR; };
		EFBAA9E3221EF6D20065D058 /* AppDelegate.h */ = {isa = PBXFileReference; lastKnownFileType = sourcecode.c.h; path = AppDelegate.h; sourceTree = "<group>"; };
		EFBAA9E4221EF6D20065D058 /* AppDelegate.m */ = {isa = PBXFileReference; lastKnownFileType = sourcecode.c.objc; path = AppDelegate.m; sourceTree = "<group>"; };
		EFBAA9E6221EF6D20065D058 /* ViewController.h */ = {isa = PBXFileReference; lastKnownFileType = sourcecode.c.h; path = ViewController.h; sourceTree = "<group>"; };
		EFBAA9E7221EF6D20065D058 /* ViewController.m */ = {isa = PBXFileReference; lastKnownFileType = sourcecode.c.objc; path = ViewController.m; sourceTree = "<group>"; };
		EFBAA9EA221EF6D20065D058 /* Base */ = {isa = PBXFileReference; lastKnownFileType = file.storyboard; name = Base; path = Base.lproj/Main.storyboard; sourceTree = "<group>"; };
		EFBAA9EC221EF6D30065D058 /* Assets.xcassets */ = {isa = PBXFileReference; lastKnownFileType = folder.assetcatalog; path = Assets.xcassets; sourceTree = "<group>"; };
		EFBAA9EF221EF6D30065D058 /* Base */ = {isa = PBXFileReference; lastKnownFileType = file.storyboard; name = Base; path = Base.lproj/LaunchScreen.storyboard; sourceTree = "<group>"; };
		EFBAA9F1221EF6D30065D058 /* Info.plist */ = {isa = PBXFileReference; lastKnownFileType = text.plist.xml; path = Info.plist; sourceTree = "<group>"; };
		EFBAA9F2221EF6D30065D058 /* main.m */ = {isa = PBXFileReference; lastKnownFileType = sourcecode.c.objc; path = main.m; sourceTree = "<group>"; };
		EFBAA9FD221EF93E0065D058 /* ImageSource.xcassets */ = {isa = PBXFileReference; lastKnownFileType = folder.assetcatalog; path = ImageSource.xcassets; sourceTree = "<group>"; };
/* End PBXFileReference section */

/* Begin PBXFrameworksBuildPhase section */
		EF2FF3B1222BC6890094FB16 /* Frameworks */ = {
			isa = PBXFrameworksBuildPhase;
			buildActionMask = 2147483647;
			files = (
				EF2FF3B5222BC6890094FB16 /* NotificationCenter.framework in Frameworks */,
			);
			runOnlyForDeploymentPostprocessing = 0;
		};
		EFBAA9DD221EF6D20065D058 /* Frameworks */ = {
			isa = PBXFrameworksBuildPhase;
			buildActionMask = 2147483647;
			files = (
			);
			runOnlyForDeploymentPostprocessing = 0;
		};
/* End PBXFrameworksBuildPhase section */

/* Begin PBXGroup section */
		EF2FF39E222BC0850094FB16 /* Frameworks */ = {
			isa = PBXGroup;
			children = (
				EF2FF39F222BC0850094FB16 /* NotificationCenter.framework */,
			);
			name = Frameworks;
			sourceTree = "<group>";
		};
		EF2FF3B6222BC6890094FB16 /* TodayTools */ = {
			isa = PBXGroup;
			children = (
				EF2FF3C6222BFC0E0094FB16 /* TodayTools.entitlements */,
				EF2FF3B7222BC6890094FB16 /* TodayViewController.h */,
				EF2FF3B8222BC6890094FB16 /* TodayViewController.m */,
				EF2FF3BD222BC6890094FB16 /* Info.plist */,
			);
			path = TodayTools;
			sourceTree = "<group>";
		};
		EFBAA9D7221EF6D20065D058 = {
			isa = PBXGroup;
			children = (
				EFBAA9E2221EF6D20065D058 /* Test3DTouchDemo */,
				EF2FF3B6222BC6890094FB16 /* TodayTools */,
				EF2FF39E222BC0850094FB16 /* Frameworks */,
				EFBAA9E1221EF6D20065D058 /* Products */,
			);
			sourceTree = "<group>";
		};
		EFBAA9E1221EF6D20065D058 /* Products */ = {
			isa = PBXGroup;
			children = (
				EFBAA9E0221EF6D20065D058 /* Test3DTouchDemo.app */,
				EF2FF3B4222BC6890094FB16 /* TodayTools.appex */,
			);
			name = Products;
			sourceTree = "<group>";
		};
		EFBAA9E2221EF6D20065D058 /* Test3DTouchDemo */ = {
			isa = PBXGroup;
			children = (
				EF2FF3C5222BF2C00094FB16 /* Test3DTouchDemo.entitlements */,
				EFBAA9E3221EF6D20065D058 /* AppDelegate.h */,
				EFBAA9E4221EF6D20065D058 /* AppDelegate.m */,
				EFBAA9E6221EF6D20065D058 /* ViewController.h */,
				EFBAA9E7221EF6D20065D058 /* ViewController.m */,
				EFBAA9E9221EF6D20065D058 /* Main.storyboard */,
				EFBAA9EC221EF6D30065D058 /* Assets.xcassets */,
				EFBAA9EE221EF6D30065D058 /* LaunchScreen.storyboard */,
				EFBAA9F1221EF6D30065D058 /* Info.plist */,
				EFBAA9F2221EF6D30065D058 /* main.m */,
				EFBAA9FD221EF93E0065D058 /* ImageSource.xcassets */,
				EF3316AF2222F0B100BB3831 /* ShowViewController.h */,
				EF3316B02222F0B100BB3831 /* ShowViewController.m */,
			);
			path = Test3DTouchDemo;
			sourceTree = "<group>";
		};
/* End PBXGroup section */

/* Begin PBXNativeTarget section */
		EF2FF3B3222BC6890094FB16 /* TodayTools */ = {
			isa = PBXNativeTarget;
			buildConfigurationList = EF2FF3C1222BC6890094FB16 /* Build configuration list for PBXNativeTarget "TodayTools" */;
			buildPhases = (
				EF2FF3B0222BC6890094FB16 /* Sources */,
				EF2FF3B1222BC6890094FB16 /* Frameworks */,
				EF2FF3B2222BC6890094FB16 /* Resources */,
			);
			buildRules = (
			);
			dependencies = (
			);
			name = TodayTools;
			productName = TodayTools;
			productReference = EF2FF3B4222BC6890094FB16 /* TodayTools.appex */;
			productType = "com.apple.product-type.app-extension";
		};
		EFBAA9DF221EF6D20065D058 /* Test3DTouchDemo */ = {
			isa = PBXNativeTarget;
			buildConfigurationList = EFBAA9F6221EF6D30065D058 /* Build configuration list for PBXNativeTarget "Test3DTouchDemo" */;
			buildPhases = (
				EFBAA9DC221EF6D20065D058 /* Sources */,
				EFBAA9DD221EF6D20065D058 /* Frameworks */,
				EFBAA9DE221EF6D20065D058 /* Resources */,
				EF2FF3AF222BC0850094FB16 /* Embed App Extensions */,
			);
			buildRules = (
			);
			dependencies = (
				EF2FF3BF222BC6890094FB16 /* PBXTargetDependency */,
			);
			name = Test3DTouchDemo;
			productName = Test3DTouchDemo;
			productReference = EFBAA9E0221EF6D20065D058 /* Test3DTouchDemo.app */;
			productType = "com.apple.product-type.application";
		};
/* End PBXNativeTarget section */

/* Begin PBXProject section */
		EFBAA9D8221EF6D20065D058 /* Project object */ = {
			isa = PBXProject;
			attributes = {
				DefaultBuildSystemTypeForWorkspace = Original;
				LastUpgradeCheck = 0940;
				ORGANIZATIONNAME = "浙江集商优选电子商务有限公司";
				TargetAttributes = {
					EF2FF3B3222BC6890094FB16 = {
						CreatedOnToolsVersion = 10.1;
						SystemCapabilities = {
							com.apple.ApplicationGroups.iOS = {
								enabled = 1;
							};
						};
					};
					EFBAA9DF221EF6D20065D058 = {
						CreatedOnToolsVersion = 9.4.1;
						SystemCapabilities = {
							com.apple.ApplicationGroups.iOS = {
								enabled = 1;
							};
						};
					};
				};
			};
			buildConfigurationList = EFBAA9DB221EF6D20065D058 /* Build configuration list for PBXProject "Test3DTouchDemo" */;
			compatibilityVersion = "Xcode 9.3";
			developmentRegion = en;
			hasScannedForEncodings = 0;
			knownRegions = (
				en,
				Base,
			);
			mainGroup = EFBAA9D7221EF6D20065D058;
			productRefGroup = EFBAA9E1221EF6D20065D058 /* Products */;
			projectDirPath = "";
			projectRoot = "";
			targets = (
				EFBAA9DF221EF6D20065D058 /* Test3DTouchDemo */,
				EF2FF3B3222BC6890094FB16 /* TodayTools */,
			);
		};
/* End PBXProject section */

/* Begin PBXResourcesBuildPhase section */
		EF2FF3B2222BC6890094FB16 /* Resources */ = {
			isa = PBXResourcesBuildPhase;
			buildActionMask = 2147483647;
			files = (
				EF337414222CA166008F207A /* ImageSource.xcassets in Resources */,
			);
			runOnlyForDeploymentPostprocessing = 0;
		};
		EFBAA9DE221EF6D20065D058 /* Resources */ = {
			isa = PBXResourcesBuildPhase;
			buildActionMask = 2147483647;
			files = (
				EFBAA9F0221EF6D30065D058 /* LaunchScreen.storyboard in Resources */,
				EFBAA9ED221EF6D30065D058 /* Assets.xcassets in Resources */,
				EFBAA9FE221EF93E0065D058 /* ImageSource.xcassets in Resources */,
				EFBAA9EB221EF6D20065D058 /* Main.storyboard in Resources */,
			);
			runOnlyForDeploymentPostprocessing = 0;
		};
/* End PBXResourcesBuildPhase section */

/* Begin PBXSourcesBuildPhase section */
		EF2FF3B0222BC6890094FB16 /* Sources */ = {
			isa = PBXSourcesBuildPhase;
			buildActionMask = 2147483647;
			files = (
				EF2FF3B9222BC6890094FB16 /* TodayViewController.m in Sources */,
			);
			runOnlyForDeploymentPostprocessing = 0;
		};
		EFBAA9DC221EF6D20065D058 /* Sources */ = {
			isa = PBXSourcesBuildPhase;
			buildActionMask = 2147483647;
			files = (
				EFBAA9E8221EF6D20065D058 /* ViewController.m in Sources */,
				EFBAA9F3221EF6D30065D058 /* main.m in Sources */,
				EFBAA9E5221EF6D20065D058 /* AppDelegate.m in Sources */,
				EF3316B12222F0B100BB3831 /* ShowViewController.m in Sources */,
			);
			runOnlyForDeploymentPostprocessing = 0;
		};
/* End PBXSourcesBuildPhase section */

/* Begin PBXTargetDependency section */
		EF2FF3BF222BC6890094FB16 /* PBXTargetDependency */ = {
			isa = PBXTargetDependency;
			target = EF2FF3B3222BC6890094FB16 /* TodayTools */;
			targetProxy = EF2FF3BE222BC6890094FB16 /* PBXContainerItemProxy */;
		};
/* End PBXTargetDependency section */

/* Begin PBXVariantGroup section */
		EFBAA9E9221EF6D20065D058 /* Main.storyboard */ = {
			isa = PBXVariantGroup;
			children = (
				EFBAA9EA221EF6D20065D058 /* Base */,
			);
			name = Main.storyboard;
			sourceTree = "<group>";
		};
		EFBAA9EE221EF6D30065D058 /* LaunchScreen.storyboard */ = {
			isa = PBXVariantGroup;
			children = (
				EFBAA9EF221EF6D30065D058 /* Base */,
			);
			name = LaunchScreen.storyboard;
			sourceTree = "<group>";
		};
/* End PBXVariantGroup section */

/* Begin XCBuildConfiguration section */
		EF2FF3C2222BC6890094FB16 /* Debug */ = {
			isa = XCBuildConfiguration;
			buildSettings = {
				CODE_SIGN_ENTITLEMENTS = TodayTools/TodayTools.entitlements;
				CODE_SIGN_STYLE = Automatic;
				DEVELOPMENT_TEAM = CP965REXQ6;
				INFOPLIST_FILE = TodayTools/Info.plist;
				IPHONEOS_DEPLOYMENT_TARGET = 8.0;
				LD_RUNPATH_SEARCH_PATHS = (
					"$(inherited)",
					"@executable_path/Frameworks",
					"@executable_path/../../Frameworks",
				);
				MTL_ENABLE_DEBUG_INFO = INCLUDE_SOURCE;
				MTL_FAST_MATH = YES;
				PRODUCT_BUNDLE_IDENTIFIER = com.design.TestTouchDemo.TodayTools;
				PRODUCT_NAME = "$(TARGET_NAME)";
				SKIP_INSTALL = YES;
				TARGETED_DEVICE_FAMILY = "1,2";
			};
			name = Debug;
		};
		EF2FF3C3222BC6890094FB16 /* Release */ = {
			isa = XCBuildConfiguration;
			buildSettings = {
				CODE_SIGN_ENTITLEMENTS = TodayTools/TodayTools.entitlements;
				CODE_SIGN_STYLE = Automatic;
				DEVELOPMENT_TEAM = CP965REXQ6;
				INFOPLIST_FILE = TodayTools/Info.plist;
				IPHONEOS_DEPLOYMENT_TARGET = 8.0;
				LD_RUNPATH_SEARCH_PATHS = (
					"$(inherited)",
					"@executable_path/Frameworks",
					"@executable_path/../../Frameworks",
				);
				MTL_FAST_MATH = YES;
				PRODUCT_BUNDLE_IDENTIFIER = com.design.TestTouchDemo.TodayTools;
				PRODUCT_NAME = "$(TARGET_NAME)";
				SKIP_INSTALL = YES;
				TARGETED_DEVICE_FAMILY = "1,2";
			};
			name = Release;
		};
		EFBAA9F4221EF6D30065D058 /* Debug */ = {
			isa = XCBuildConfiguration;
			buildSettings = {
				ALWAYS_SEARCH_USER_PATHS = NO;
				CLANG_ANALYZER_NONNULL = YES;
				CLANG_ANALYZER_NUMBER_OBJECT_CONVERSION = YES_AGGRESSIVE;
				CLANG_CXX_LANGUAGE_STANDARD = "gnu++14";
				CLANG_CXX_LIBRARY = "libc++";
				CLANG_ENABLE_MODULES = YES;
				CLANG_ENABLE_OBJC_ARC = YES;
				CLANG_ENABLE_OBJC_WEAK = YES;
				CLANG_WARN_BLOCK_CAPTURE_AUTORELEASING = YES;
				CLANG_WARN_BOOL_CONVERSION = YES;
				CLANG_WARN_COMMA = YES;
				CLANG_WARN_CONSTANT_CONVERSION = YES;
				CLANG_WARN_DEPRECATED_OBJC_IMPLEMENTATIONS = YES;
				CLANG_WARN_DIRECT_OBJC_ISA_USAGE = YES_ERROR;
				CLANG_WARN_DOCUMENTATION_COMMENTS = YES;
				CLANG_WARN_EMPTY_BODY = YES;
				CLANG_WARN_ENUM_CONVERSION = YES;
				CLANG_WARN_INFINITE_RECURSION = YES;
				CLANG_WARN_INT_CONVERSION = YES;
				CLANG_WARN_NON_LITERAL_NULL_CONVERSION = YES;
				CLANG_WARN_OBJC_IMPLICIT_RETAIN_SELF = YES;
				CLANG_WARN_OBJC_LITERAL_CONVERSION = YES;
				CLANG_WARN_OBJC_ROOT_CLASS = YES_ERROR;
				CLANG_WARN_RANGE_LOOP_ANALYSIS = YES;
				CLANG_WARN_STRICT_PROTOTYPES = YES;
				CLANG_WARN_SUSPICIOUS_MOVE = YES;
				CLANG_WARN_UNGUARDED_AVAILABILITY = YES_AGGRESSIVE;
				CLANG_WARN_UNREACHABLE_CODE = YES;
				CLANG_WARN__DUPLICATE_METHOD_MATCH = YES;
				CODE_SIGN_IDENTITY = "iPhone Developer";
				COPY_PHASE_STRIP = NO;
				DEBUG_INFORMATION_FORMAT = dwarf;
				ENABLE_STRICT_OBJC_MSGSEND = YES;
				ENABLE_TESTABILITY = YES;
				GCC_C_LANGUAGE_STANDARD = gnu11;
				GCC_DYNAMIC_NO_PIC = NO;
				GCC_NO_COMMON_BLOCKS = YES;
				GCC_OPTIMIZATION_LEVEL = 0;
				GCC_PREPROCESSOR_DEFINITIONS = (
					"DEBUG=1",
					"$(inherited)",
				);
				GCC_WARN_64_TO_32_BIT_CONVERSION = YES;
				GCC_WARN_ABOUT_RETURN_TYPE = YES_ERROR;
				GCC_WARN_UNDECLARED_SELECTOR = YES;
				GCC_WARN_UNINITIALIZED_AUTOS = YES_AGGRESSIVE;
				GCC_WARN_UNUSED_FUNCTION = YES;
				GCC_WARN_UNUSED_VARIABLE = YES;
				IPHONEOS_DEPLOYMENT_TARGET = 11.4;
				MTL_ENABLE_DEBUG_INFO = YES;
				ONLY_ACTIVE_ARCH = YES;
				SDKROOT = iphoneos;
			};
			name = Debug;
		};
		EFBAA9F5221EF6D30065D058 /* Release */ = {
			isa = XCBuildConfiguration;
			buildSettings = {
				ALWAYS_SEARCH_USER_PATHS = NO;
				CLANG_ANALYZER_NONNULL = YES;
				CLANG_ANALYZER_NUMBER_OBJECT_CONVERSION = YES_AGGRESSIVE;
				CLANG_CXX_LANGUAGE_STANDARD = "gnu++14";
				CLANG_CXX_LIBRARY = "libc++";
				CLANG_ENABLE_MODULES = YES;
				CLANG_ENABLE_OBJC_ARC = YES;
				CLANG_ENABLE_OBJC_WEAK = YES;
				CLANG_WARN_BLOCK_CAPTURE_AUTORELEASING = YES;
				CLANG_WARN_BOOL_CONVERSION = YES;
				CLANG_WARN_COMMA = YES;
				CLANG_WARN_CONSTANT_CONVERSION = YES;
				CLANG_WARN_DEPRECATED_OBJC_IMPLEMENTATIONS = YES;
				CLANG_WARN_DIRECT_OBJC_ISA_USAGE = YES_ERROR;
				CLANG_WARN_DOCUMENTATION_COMMENTS = YES;
				CLANG_WARN_EMPTY_BODY = YES;
				CLANG_WARN_ENUM_CONVERSION = YES;
				CLANG_WARN_INFINITE_RECURSION = YES;
				CLANG_WARN_INT_CONVERSION = YES;
				CLANG_WARN_NON_LITERAL_NULL_CONVERSION = YES;
				CLANG_WARN_OBJC_IMPLICIT_RETAIN_SELF = YES;
				CLANG_WARN_OBJC_LITERAL_CONVERSION = YES;
				CLANG_WARN_OBJC_ROOT_CLASS = YES_ERROR;
				CLANG_WARN_RANGE_LOOP_ANALYSIS = YES;
				CLANG_WARN_STRICT_PROTOTYPES = YES;
				CLANG_WARN_SUSPICIOUS_MOVE = YES;
				CLANG_WARN_UNGUARDED_AVAILABILITY = YES_AGGRESSIVE;
				CLANG_WARN_UNREACHABLE_CODE = YES;
				CLANG_WARN__DUPLICATE_METHOD_MATCH = YES;
				CODE_SIGN_IDENTITY = "iPhone Developer";
				COPY_PHASE_STRIP = NO;
				DEBUG_INFORMATION_FORMAT = "dwarf-with-dsym";
				ENABLE_NS_ASSERTIONS = NO;
				ENABLE_STRICT_OBJC_MSGSEND = YES;
				GCC_C_LANGUAGE_STANDARD = gnu11;
				GCC_NO_COMMON_BLOCKS = YES;
				GCC_WARN_64_TO_32_BIT_CONVERSION = YES;
				GCC_WARN_ABOUT_RETURN_TYPE = YES_ERROR;
				GCC_WARN_UNDECLARED_SELECTOR = YES;
				GCC_WARN_UNINITIALIZED_AUTOS = YES_AGGRESSIVE;
				GCC_WARN_UNUSED_FUNCTION = YES;
				GCC_WARN_UNUSED_VARIABLE = YES;
				IPHONEOS_DEPLOYMENT_TARGET = 11.4;
				MTL_ENABLE_DEBUG_INFO = NO;
				SDKROOT = iphoneos;
				VALIDATE_PRODUCT = YES;
			};
			name = Release;
		};
		EFBAA9F7221EF6D30065D058 /* Debug */ = {
			isa = XCBuildConfiguration;
			buildSettings = {
				ASSETCATALOG_COMPILER_APPICON_NAME = AppIcon;
				ASSETCATALOG_COMPILER_LAUNCHIMAGE_NAME = "LaunchImage-2";
				CODE_SIGN_ENTITLEMENTS = Test3DTouchDemo/Test3DTouchDemo.entitlements;
				CODE_SIGN_STYLE = Automatic;
				DEVELOPMENT_TEAM = CP965REXQ6;
				INFOPLIST_FILE = Test3DTouchDemo/Info.plist;
				IPHONEOS_DEPLOYMENT_TARGET = 8.0;
				LD_RUNPATH_SEARCH_PATHS = (
					"$(inherited)",
					"@executable_path/Frameworks",
				);
				PRODUCT_BUNDLE_IDENTIFIER = com.design.TestTouchDemo;
				PRODUCT_NAME = "$(TARGET_NAME)";
				TARGETED_DEVICE_FAMILY = "1,2";
			};
			name = Debug;
		};
		EFBAA9F8221EF6D30065D058 /* Release */ = {
			isa = XCBuildConfiguration;
			buildSettings = {
				ASSETCATALOG_COMPILER_APPICON_NAME = AppIcon;
				ASSETCATALOG_COMPILER_LAUNCHIMAGE_NAME = "LaunchImage-2";
				CODE_SIGN_ENTITLEMENTS = Test3DTouchDemo/Test3DTouchDemo.entitlements;
				CODE_SIGN_STYLE = Automatic;
				DEVELOPMENT_TEAM = CP965REXQ6;
				INFOPLIST_FILE = Test3DTouchDemo/Info.plist;
				IPHONEOS_DEPLOYMENT_TARGET = 8.0;
				LD_RUNPATH_SEARCH_PATHS = (
					"$(inherited)",
					"@executable_path/Frameworks",
				);
				PRODUCT_BUNDLE_IDENTIFIER = com.design.TestTouchDemo;
				PRODUCT_NAME = "$(TARGET_NAME)";
				TARGETED_DEVICE_FAMILY = "1,2";
			};
			name = Release;
		};
/* End XCBuildConfiguration section */

/* Begin XCConfigurationList section */
		EF2FF3C1222BC6890094FB16 /* Build configuration list for PBXNativeTarget "TodayTools" */ = {
			isa = XCConfigurationList;
			buildConfigurations = (
				EF2FF3C2222BC6890094FB16 /* Debug */,
				EF2FF3C3222BC6890094FB16 /* Release */,
			);
			defaultConfigurationIsVisible = 0;
			defaultConfigurationName = Release;
		};
		EFBAA9DB221EF6D20065D058 /* Build configuration list for PBXProject "Test3DTouchDemo" */ = {
			isa = XCConfigurationList;
			buildConfigurations = (
				EFBAA9F4221EF6D30065D058 /* Debug */,
				EFBAA9F5221EF6D30065D058 /* Release */,
			);
			defaultConfigurationIsVisible = 0;
			defaultConfigurationName = Release;
		};
		EFBAA9F6221EF6D30065D058 /* Build configuration list for PBXNativeTarget "Test3DTouchDemo" */ = {
			isa = XCConfigurationList;
			buildConfigurations = (
				EFBAA9F7221EF6D30065D058 /* Debug */,
				EFBAA9F8221EF6D30065D058 /* Release */,
			);
			defaultConfigurationIsVisible = 0;
			defaultConfigurationName = Release;
		};
/* End XCConfigurationList section */
	};
	rootObject = EFBAA9D8221EF6D20065D058 /* Project object */;
}
